version = 1
resolved_at = "manual"

[[entries]]
id = "bvbs_xml33_ava_x81"
archive = "gaeb/.cache/downloads/bvbs_xml33_ava_x81__BVBS_Pruefdatei-GAEB-DA-XML-3.3-AVA-V-11-06-2021.X81.zip"
archive_sha256 = "c7ff882d12725b7fbfe905c84f629b6ec9735d6f0f5110fa21765f4589ea6f61"

[[entries]]
id = "bvbs_xml33_ava_x84"
archive = "gaeb/.cache/downloads/bvbs_xml33_ava_x84__BVBS_Pruefdatei-GAEB-DA-XML-3.3-AVA-V-11-06-2021.X84.zip"
archive_sha256 = "a6a899a3b09468607d45bc6ffdaf3bf346b802641442de01cc3bf8a0fbb850ae"

[[entries]]
id = "bvbs_xml33_ava_x86"
archive = "gaeb/.cache/downloads/bvbs_xml33_ava_x86__BVBS_Pruefdatei-GAEB-DA-XML-3.3-AVA-V-11-06-2021.X86.zip"
archive_sha256 = "edd3b641321cc95558567cae7db9382d743dfb01aad30fde3b7ef656b2e396a8"

